
Microsoft Visual Studio Solution File, Format Version 12.00
# Visual Studio 2013
VisualStudioVersion = 12.0.40629.0
MinimumVisualStudioVersion = 10.0.40219.1
Project("{FAE04EC0-301F-11D3-BF4B-00C04F79EFBC}") = "Triangel", "Triangel\Triangel.csproj", "{3FA6026B-89E1-4557-8858-B33E5455A7D7}"
EndProject
Project("{FAE04EC0-301F-11D3-BF4B-00C04F79EFBC}") = "TriangelTest", "TriangelTest\TriangelTest.csproj", "{DBBDC662-68DC-4D98-B0CB-47C5FEEDD13C}"
EndProject
Global
	GlobalSection(SolutionConfigurationPlatforms) = preSolution
		Debug|Any CPU = Debug|Any CPU
		Release|Any CPU = Release|Any CPU
	EndGlobalSection
	GlobalSection(ProjectConfigurationPlatforms) = postSolution
		{3FA6026B-89E1-4557-8858-B33E5455A7D7}.Debug|Any CPU.ActiveCfg = Debug|Any CPU
		{3FA6026B-89E1-4557-8858-B33E5455A7D7}.Debug|Any CPU.Build.0 = Debug|Any CPU
		{3FA6026B-89E1-4557-8858-B33E5455A7D7}.Release|Any CPU.ActiveCfg = Release|Any CPU
		{3FA6026B-89E1-4557-8858-B33E5455A7D7}.Release|Any CPU.Build.0 = Release|Any CPU
		{DBBDC662-68DC-4D98-B0CB-47C5FEEDD13C}.Debug|Any CPU.ActiveCfg = Debug|Any CPU
		{DBBDC662-68DC-4D98-B0CB-47C5FEEDD13C}.Debug|Any CPU.Build.0 = Debug|Any CPU
		{DBBDC662-68DC-4D98-B0CB-47C5FEEDD13C}.Release|Any CPU.ActiveCfg = Release|Any CPU
		{DBBDC662-68DC-4D98-B0CB-47C5FEEDD13C}.Release|Any CPU.Build.0 = Release|Any CPU
	EndGlobalSection
	GlobalSection(SolutionProperties) = preSolution
		HideSolutionNode = FALSE
	EndGlobalSection
EndGlobal
